// !$*UTF8*$!
{
	archiveVersion = 1;
	classes = {
	};
	objectVersion = 50;
	objects = {

/* Begin PBXBuildFile section */
		02121A142428D65200C87B4A /* AppDelegate.swift in Sources */ = {isa = PBXBuildFile; fileRef = 02121A132428D65200C87B4A /* AppDelegate.swift */; };
		02121A162428D65200C87B4A /* SceneDelegate.swift in Sources */ = {isa = PBXBuildFile; fileRef = 02121A152428D65200C87B4A /* SceneDelegate.swift */; };
		02121A1D2428D65A00C87B4A /* Assets.xcassets in Resources */ = {isa = PBXBuildFile; fileRef = 02121A1C2428D65A00C87B4A /* Assets.xcassets */; };
		02121A202428D65A00C87B4A /* LaunchScreen.storyboard in Resources */ = {isa = PBXBuildFile; fileRef = 02121A1E2428D65A00C87B4A /* LaunchScreen.storyboard */; };
		02121A2B2428D65B00C87B4A /* ToDo_CRUD_POCTests.swift in Sources */ = {isa = PBXBuildFile; fileRef = 02121A2A2428D65B00C87B4A /* ToDo_CRUD_POCTests.swift */; };
		02121A362428D65B00C87B4A /* ToDo_CRUD_POCUITests.swift in Sources */ = {isa = PBXBuildFile; fileRef = 02121A352428D65B00C87B4A /* ToDo_CRUD_POCUITests.swift */; };
		02121A442428DE8600C87B4A /* README.md in Resources */ = {isa = PBXBuildFile; fileRef = 02121A432428DE8600C87B4A /* README.md */; };
		02121A482428E07A00C87B4A /* Main.storyboard in Resources */ = {isa = PBXBuildFile; fileRef = 02121A472428E07A00C87B4A /* Main.storyboard */; };
		021D23B924291675003CB15A /* Task.swift in Sources */ = {isa = PBXBuildFile; fileRef = 021D23B824291675003CB15A /* Task.swift */; };
		021D23BB24291681003CB15A /* ToDoController.swift in Sources */ = {isa = PBXBuildFile; fileRef = 021D23BA24291681003CB15A /* ToDoController.swift */; };
		021D23BE24291694003CB15A /* ToDoStore.swift in Sources */ = {isa = PBXBuildFile; fileRef = 021D23BC24291694003CB15A /* ToDoStore.swift */; };
		021D23BF24291694003CB15A /* ToDoUtility.swift in Sources */ = {isa = PBXBuildFile; fileRef = 021D23BD24291694003CB15A /* ToDoUtility.swift */; };
		021D23C124292094003CB15A /* AppConstants.swift in Sources */ = {isa = PBXBuildFile; fileRef = 021D23C024292094003CB15A /* AppConstants.swift */; };
		749A9D9D9C83198BED313C1F /* Pods_ToDo_CRUD_POC.framework in Frameworks */ = {isa = PBXBuildFile; fileRef = AD12733459194A44A0CDCC96 /* Pods_ToDo_CRUD_POC.framework */; };
		EE953DFDB37DA4A08C8FF9D6 /* Pods_ToDo_CRUD_POCTests.framework in Frameworks */ = {isa = PBXBuildFile; fileRef = E80DBB6C05F31BC3AD51B651 /* Pods_ToDo_CRUD_POCTests.framework */; };
		EF3117CE085B4B1BC2E53932 /* Pods_ToDo_CRUD_POC_ToDo_CRUD_POCUITests.framework in Frameworks */ = {isa = PBXBuildFile; fileRef = 344A91603C8D0CBDFFBC4477 /* Pods_ToDo_CRUD_POC_ToDo_CRUD_POCUITests.framework */; };
/* End PBXBuildFile section */

/* Begin PBXContainerItemProxy section */
		02121A272428D65B00C87B4A /* PBXContainerItemProxy */ = {
			isa = PBXContainerItemProxy;
			containerPortal = 02121A082428D65200C87B4A /* Project object */;
			proxyType = 1;
			remoteGlobalIDString = 02121A0F2428D65200C87B4A;
			remoteInfo = ToDo_CRUD_POC;
		};
		02121A322428D65B00C87B4A /* PBXContainerItemProxy */ = {
			isa = PBXContainerItemProxy;
			containerPortal = 02121A082428D65200C87B4A /* Project object */;
			proxyType = 1;
			remoteGlobalIDString = 02121A0F2428D65200C87B4A;
			remoteInfo = ToDo_CRUD_POC;
		};
/* End PBXContainerItemProxy section */

/* Begin PBXFileReference section */
		02121A102428D65200C87B4A /* ToDo_CRUD_POC.app */ = {isa = PBXFileReference; explicitFileType = wrapper.application; includeInIndex = 0; path = ToDo_CRUD_POC.app; sourceTree = BUILT_PRODUCTS_DIR; };
		02121A132428D65200C87B4A /* AppDelegate.swift */ = {isa = PBXFileReference; lastKnownFileType = sourcecode.swift; path = AppDelegate.swift; sourceTree = "<group>"; };
		02121A152428D65200C87B4A /* SceneDelegate.swift */ = {isa = PBXFileReference; lastKnownFileType = sourcecode.swift; path = SceneDelegate.swift; sourceTree = "<group>"; };
		02121A1C2428D65A00C87B4A /* Assets.xcassets */ = {isa = PBXFileReference; lastKnownFileType = folder.assetcatalog; path = Assets.xcassets; sourceTree = "<group>"; };
		02121A1F2428D65A00C87B4A /* Base */ = {isa = PBXFileReference; lastKnownFileType = file.storyboard; name = Base; path = Base.lproj/LaunchScreen.storyboard; sourceTree = "<group>"; };
		02121A212428D65A00C87B4A /* Info.plist */ = {isa = PBXFileReference; lastKnownFileType = text.plist.xml; path = Info.plist; sourceTree = "<group>"; };
		02121A262428D65B00C87B4A /* ToDo_CRUD_POCTests.xctest */ = {isa = PBXFileReference; explicitFileType = wrapper.cfbundle; includeInIndex = 0; path = ToDo_CRUD_POCTests.xctest; sourceTree = BUILT_PRODUCTS_DIR; };
		02121A2A2428D65B00C87B4A /* ToDo_CRUD_POCTests.swift */ = {isa = PBXFileReference; lastKnownFileType = sourcecode.swift; path = ToDo_CRUD_POCTests.swift; sourceTree = "<group>"; };
		02121A2C2428D65B00C87B4A /* Info.plist */ = {isa = PBXFileReference; lastKnownFileType = text.plist.xml; path = Info.plist; sourceTree = "<group>"; };
		02121A312428D65B00C87B4A /* ToDo_CRUD_POCUITests.xctest */ = {isa = PBXFileReference; explicitFileType = wrapper.cfbundle; includeInIndex = 0; path = ToDo_CRUD_POCUITests.xctest; sourceTree = BUILT_PRODUCTS_DIR; };
		02121A352428D65B00C87B4A /* ToDo_CRUD_POCUITests.swift */ = {isa = PBXFileReference; lastKnownFileType = sourcecode.swift; path = ToDo_CRUD_POCUITests.swift; sourceTree = "<group>"; };
		02121A372428D65B00C87B4A /* Info.plist */ = {isa = PBXFileReference; lastKnownFileType = text.plist.xml; path = Info.plist; sourceTree = "<group>"; };
		02121A432428DE8600C87B4A /* README.md */ = {isa = PBXFileReference; fileEncoding = 4; lastKnownFileType = net.daringfireball.markdown; path = README.md; sourceTree = "<group>"; };
		02121A472428E07A00C87B4A /* Main.storyboard */ = {isa = PBXFileReference; fileEncoding = 4; lastKnownFileType = file.storyboard; path = Main.storyboard; sourceTree = "<group>"; };
		021D23B824291675003CB15A /* Task.swift */ = {isa = PBXFileReference; fileEncoding = 4; lastKnownFileType = sourcecode.swift; path = Task.swift; sourceTree = "<group>"; };
		021D23BA24291681003CB15A /* ToDoController.swift */ = {isa = PBXFileReference; fileEncoding = 4; lastKnownFileType = sourcecode.swift; path = ToDoController.swift; sourceTree = "<group>"; };
		021D23BC24291694003CB15A /* ToDoStore.swift */ = {isa = PBXFileReference; fileEncoding = 4; lastKnownFileType = sourcecode.swift; path = ToDoStore.swift; sourceTree = "<group>"; };
		021D23BD24291694003CB15A /* ToDoUtility.swift */ = {isa = PBXFileReference; fileEncoding = 4; lastKnownFileType = sourcecode.swift; path = ToDoUtility.swift; sourceTree = "<group>"; };
		021D23C024292094003CB15A /* AppConstants.swift */ = {isa = PBXFileReference; lastKnownFileType = sourcecode.swift; path = AppConstants.swift; sourceTree = "<group>"; };
		344A91603C8D0CBDFFBC4477 /* Pods_ToDo_CRUD_POC_ToDo_CRUD_POCUITests.framework */ = {isa = PBXFileReference; explicitFileType = wrapper.framework; includeInIndex = 0; path = Pods_ToDo_CRUD_POC_ToDo_CRUD_POCUITests.framework; sourceTree = BUILT_PRODUCTS_DIR; };
		6A0EE9993DB1FF1F3812C458 /* Pods-ToDo_CRUD_POCTests.debug.xcconfig */ = {isa = PBXFileReference; includeInIndex = 1; lastKnownFileType = text.xcconfig; name = "Pods-ToDo_CRUD_POCTests.debug.xcconfig"; path = "Target Support Files/Pods-ToDo_CRUD_POCTests/Pods-ToDo_CRUD_POCTests.debug.xcconfig"; sourceTree = "<group>"; };
		86256D5001488D6D16778691 /* Pods-ToDo_CRUD_POCTests.release.xcconfig */ = {isa = PBXFileReference; includeInIndex = 1; lastKnownFileType = text.xcconfig; name = "Pods-ToDo_CRUD_POCTests.release.xcconfig"; path = "Target Support Files/Pods-ToDo_CRUD_POCTests/Pods-ToDo_CRUD_POCTests.release.xcconfig"; sourceTree = "<group>"; };
		89A977B4967CD52D3CB7C9DC /* Pods-ToDo_CRUD_POC-ToDo_CRUD_POCUITests.release.xcconfig */ = {isa = PBXFileReference; includeInIndex = 1; lastKnownFileType = text.xcconfig; name = "Pods-ToDo_CRUD_POC-ToDo_CRUD_POCUITests.release.xcconfig"; path = "Target Support Files/Pods-ToDo_CRUD_POC-ToDo_CRUD_POCUITests/Pods-ToDo_CRUD_POC-ToDo_CRUD_POCUITests.release.xcconfig"; sourceTree = "<group>"; };
		AD12733459194A44A0CDCC96 /* Pods_ToDo_CRUD_POC.framework */ = {isa = PBXFileReference; explicitFileType = wrapper.framework; includeInIndex = 0; path = Pods_ToDo_CRUD_POC.framework; sourceTree = BUILT_PRODUCTS_DIR; };
		AF00100903A10BEBE2A6EC41 /* Pods-ToDo_CRUD_POC-ToDo_CRUD_POCUITests.debug.xcconfig */ = {isa = PBXFileReference; includeInIndex = 1; lastKnownFileType = text.xcconfig; name = "Pods-ToDo_CRUD_POC-ToDo_CRUD_POCUITests.debug.xcconfig"; path = "Target Support Files/Pods-ToDo_CRUD_POC-ToDo_CRUD_POCUITests/Pods-ToDo_CRUD_POC-ToDo_CRUD_POCUITests.debug.xcconfig"; sourceTree = "<group>"; };
		B12FDC5D84664ADDF41A05CF /* Pods-ToDo_CRUD_POC.release.xcconfig */ = {isa = PBXFileReference; includeInIndex = 1; lastKnownFileType = text.xcconfig; name = "Pods-ToDo_CRUD_POC.release.xcconfig"; path = "Target Support Files/Pods-ToDo_CRUD_POC/Pods-ToDo_CRUD_POC.release.xcconfig"; sourceTree = "<group>"; };
		E80DBB6C05F31BC3AD51B651 /* Pods_ToDo_CRUD_POCTests.framework */ = {isa = PBXFileReference; explicitFileType = wrapper.framework; includeInIndex = 0; path = Pods_ToDo_CRUD_POCTests.framework; sourceTree = BUILT_PRODUCTS_DIR; };
		F74F7B0E328FAE39B04B1A29 /* Pods-ToDo_CRUD_POC.debug.xcconfig */ = {isa = PBXFileReference; includeInIndex = 1; lastKnownFileType = text.xcconfig; name = "Pods-ToDo_CRUD_POC.debug.xcconfig"; path = "Target Support Files/Pods-ToDo_CRUD_POC/Pods-ToDo_CRUD_POC.debug.xcconfig"; sourceTree = "<group>"; };
/* End PBXFileReference section */

/* Begin PBXFrameworksBuildPhase section */
		02121A0D2428D65200C87B4A /* Frameworks */ = {
			isa = PBXFrameworksBuildPhase;
			buildActionMask = 2147483647;
			files = (
				749A9D9D9C83198BED313C1F /* Pods_ToDo_CRUD_POC.framework in Frameworks */,
			);
			runOnlyForDeploymentPostprocessing = 0;
		};
		02121A232428D65B00C87B4A /* Frameworks */ = {
			isa = PBXFrameworksBuildPhase;
			buildActionMask = 2147483647;
			files = (
				EE953DFDB37DA4A08C8FF9D6 /* Pods_ToDo_CRUD_POCTests.framework in Frameworks */,
			);
			runOnlyForDeploymentPostprocessing = 0;
		};
		02121A2E2428D65B00C87B4A /* Frameworks */ = {
			isa = PBXFrameworksBuildPhase;
			buildActionMask = 2147483647;
			files = (
				EF3117CE085B4B1BC2E53932 /* Pods_ToDo_CRUD_POC_ToDo_CRUD_POCUITests.framework in Frameworks */,
			);
			runOnlyForDeploymentPostprocessing = 0;
		};
/* End PBXFrameworksBuildPhase section */

/* Begin PBXGroup section */
		02121A072428D65200C87B4A = {
			isa = PBXGroup;
			children = (
				02121A122428D65200C87B4A /* ToDo_CRUD_POC */,
				02121A292428D65B00C87B4A /* ToDo_CRUD_POCTests */,
				02121A342428D65B00C87B4A /* ToDo_CRUD_POCUITests */,
				02121A112428D65200C87B4A /* Products */,
				B995750DE110F9C41FF39A5E /* Pods */,
				A460D723EFB5338868B20C37 /* Frameworks */,
			);
			sourceTree = "<group>";
		};
		02121A112428D65200C87B4A /* Products */ = {
			isa = PBXGroup;
			children = (
				02121A102428D65200C87B4A /* ToDo_CRUD_POC.app */,
				02121A262428D65B00C87B4A /* ToDo_CRUD_POCTests.xctest */,
				02121A312428D65B00C87B4A /* ToDo_CRUD_POCUITests.xctest */,
			);
			name = Products;
			sourceTree = "<group>";
		};
		02121A122428D65200C87B4A /* ToDo_CRUD_POC */ = {
			isa = PBXGroup;
			children = (
				02121A4C2428E11100C87B4A /* View */,
				02121A4B2428E0E700C87B4A /* Helper */,
				02121A4A2428E0D700C87B4A /* Controller */,
				02121A492428E0D000C87B4A /* Model */,
				02121A132428D65200C87B4A /* AppDelegate.swift */,
				02121A152428D65200C87B4A /* SceneDelegate.swift */,
				02121A1C2428D65A00C87B4A /* Assets.xcassets */,
				02121A1E2428D65A00C87B4A /* LaunchScreen.storyboard */,
				02121A212428D65A00C87B4A /* Info.plist */,
				02121A432428DE8600C87B4A /* README.md */,
			);
			path = ToDo_CRUD_POC;
			sourceTree = "<group>";
		};
		02121A292428D65B00C87B4A /* ToDo_CRUD_POCTests */ = {
			isa = PBXGroup;
			children = (
				02121A2A2428D65B00C87B4A /* ToDo_CRUD_POCTests.swift */,
				02121A2C2428D65B00C87B4A /* Info.plist */,
			);
			path = ToDo_CRUD_POCTests;
			sourceTree = "<group>";
		};
		02121A342428D65B00C87B4A /* ToDo_CRUD_POCUITests */ = {
			isa = PBXGroup;
			children = (
				02121A352428D65B00C87B4A /* ToDo_CRUD_POCUITests.swift */,
				02121A372428D65B00C87B4A /* Info.plist */,
			);
			path = ToDo_CRUD_POCUITests;
			sourceTree = "<group>";
		};
		02121A492428E0D000C87B4A /* Model */ = {
			isa = PBXGroup;
			children = (
				021D23B824291675003CB15A /* Task.swift */,
			);
			path = Model;
			sourceTree = "<group>";
		};
		02121A4A2428E0D700C87B4A /* Controller */ = {
			isa = PBXGroup;
			children = (
				021D23BA24291681003CB15A /* ToDoController.swift */,
			);
			path = Controller;
			sourceTree = "<group>";
		};
		02121A4B2428E0E700C87B4A /* Helper */ = {
			isa = PBXGroup;
			children = (
				021D23BC24291694003CB15A /* ToDoStore.swift */,
				021D23BD24291694003CB15A /* ToDoUtility.swift */,
				021D23C024292094003CB15A /* AppConstants.swift */,
			);
			path = Helper;
			sourceTree = "<group>";
		};
		02121A4C2428E11100C87B4A /* View */ = {
			isa = PBXGroup;
			children = (
				02121A472428E07A00C87B4A /* Main.storyboard */,
			);
			path = View;
			sourceTree = "<group>";
		};
		A460D723EFB5338868B20C37 /* Frameworks */ = {
			isa = PBXGroup;
			children = (
				AD12733459194A44A0CDCC96 /* Pods_ToDo_CRUD_POC.framework */,
				344A91603C8D0CBDFFBC4477 /* Pods_ToDo_CRUD_POC_ToDo_CRUD_POCUITests.framework */,
				E80DBB6C05F31BC3AD51B651 /* Pods_ToDo_CRUD_POCTests.framework */,
			);
			name = Frameworks;
			sourceTree = "<group>";
		};
		B995750DE110F9C41FF39A5E /* Pods */ = {
			isa = PBXGroup;
			children = (
				F74F7B0E328FAE39B04B1A29 /* Pods-ToDo_CRUD_POC.debug.xcconfig */,
				B12FDC5D84664ADDF41A05CF /* Pods-ToDo_CRUD_POC.release.xcconfig */,
				AF00100903A10BEBE2A6EC41 /* Pods-ToDo_CRUD_POC-ToDo_CRUD_POCUITests.debug.xcconfig */,
				89A977B4967CD52D3CB7C9DC /* Pods-ToDo_CRUD_POC-ToDo_CRUD_POCUITests.release.xcconfig */,
				6A0EE9993DB1FF1F3812C458 /* Pods-ToDo_CRUD_POCTests.debug.xcconfig */,
				86256D5001488D6D16778691 /* Pods-ToDo_CRUD_POCTests.release.xcconfig */,
			);
			name = Pods;
			path = Pods;
			sourceTree = "<group>";
		};
/* End PBXGroup section */

/* Begin PBXNativeTarget section */
		02121A0F2428D65200C87B4A /* ToDo_CRUD_POC */ = {
			isa = PBXNativeTarget;
			buildConfigurationList = 02121A3A2428D65B00C87B4A /* Build configuration list for PBXNativeTarget "ToDo_CRUD_POC" */;
			buildPhases = (
				FDD7C7856D1BACD48F084BAD /* [CP] Check Pods Manifest.lock */,
				02121A0C2428D65200C87B4A /* Sources */,
				02121A0D2428D65200C87B4A /* Frameworks */,
				02121A0E2428D65200C87B4A /* Resources */,
			);
			buildRules = (
			);
			dependencies = (
			);
			name = ToDo_CRUD_POC;
			productName = ToDo_CRUD_POC;
			productReference = 02121A102428D65200C87B4A /* ToDo_CRUD_POC.app */;
			productType = "com.apple.product-type.application";
		};
		02121A252428D65B00C87B4A /* ToDo_CRUD_POCTests */ = {
			isa = PBXNativeTarget;
			buildConfigurationList = 02121A3D2428D65B00C87B4A /* Build configuration list for PBXNativeTarget "ToDo_CRUD_POCTests" */;
			buildPhases = (
				78E86128B0C7F4CBB994C2EB /* [CP] Check Pods Manifest.lock */,
				02121A222428D65B00C87B4A /* Sources */,
				02121A232428D65B00C87B4A /* Frameworks */,
				02121A242428D65B00C87B4A /* Resources */,
			);
			buildRules = (
			);
			dependencies = (
				02121A282428D65B00C87B4A /* PBXTargetDependency */,
			);
			name = ToDo_CRUD_POCTests;
			productName = ToDo_CRUD_POCTests;
			productReference = 02121A262428D65B00C87B4A /* ToDo_CRUD_POCTests.xctest */;
			productType = "com.apple.product-type.bundle.unit-test";
		};
		02121A302428D65B00C87B4A /* ToDo_CRUD_POCUITests */ = {
			isa = PBXNativeTarget;
			buildConfigurationList = 02121A402428D65B00C87B4A /* Build configuration list for PBXNativeTarget "ToDo_CRUD_POCUITests" */;
			buildPhases = (
				BFD2C7BC940A1E08811D9BEC /* [CP] Check Pods Manifest.lock */,
				02121A2D2428D65B00C87B4A /* Sources */,
				02121A2E2428D65B00C87B4A /* Frameworks */,
				02121A2F2428D65B00C87B4A /* Resources */,
			);
			buildRules = (
			);
			dependencies = (
				02121A332428D65B00C87B4A /* PBXTargetDependency */,
			);
			name = ToDo_CRUD_POCUITests;
			productName = ToDo_CRUD_POCUITests;
			productReference = 02121A312428D65B00C87B4A /* ToDo_CRUD_POCUITests.xctest */;
			productType = "com.apple.product-type.bundle.ui-testing";
		};
/* End PBXNativeTarget section */

/* Begin PBXProject section */
		02121A082428D65200C87B4A /* Project object */ = {
			isa = PBXProject;
			attributes = {
				LastSwiftUpdateCheck = 1130;
				LastUpgradeCheck = 1130;
				ORGANIZATIONNAME = Sandesh;
				TargetAttributes = {
					02121A0F2428D65200C87B4A = {
						CreatedOnToolsVersion = 11.3;
					};
					02121A252428D65B00C87B4A = {
						CreatedOnToolsVersion = 11.3;
						TestTargetID = 02121A0F2428D65200C87B4A;
					};
					02121A302428D65B00C87B4A = {
						CreatedOnToolsVersion = 11.3;
						TestTargetID = 02121A0F2428D65200C87B4A;
					};
				};
			};
			buildConfigurationList = 02121A0B2428D65200C87B4A /* Build configuration list for PBXProject "ToDo_CRUD_POC" */;
			compatibilityVersion = "Xcode 9.3";
			developmentRegion = en;
			hasScannedForEncodings = 0;
			knownRegions = (
				en,
				Base,
			);
			mainGroup = 02121A072428D65200C87B4A;
			productRefGroup = 02121A112428D65200C87B4A /* Products */;
			projectDirPath = "";
			projectRoot = "";
			targets = (
				02121A0F2428D65200C87B4A /* ToDo_CRUD_POC */,
				02121A252428D65B00C87B4A /* ToDo_CRUD_POCTests */,
				02121A302428D65B00C87B4A /* ToDo_CRUD_POCUITests */,
			);
		};
/* End PBXProject section */

/* Begin PBXResourcesBuildPhase section */
		02121A0E2428D65200C87B4A /* Resources */ = {
			isa = PBXResourcesBuildPhase;
			buildActionMask = 2147483647;
			files = (
				02121A202428D65A00C87B4A /* LaunchScreen.storyboard in Resources */,
				02121A1D2428D65A00C87B4A /* Assets.xcassets in Resources */,
				02121A442428DE8600C87B4A /* README.md in Resources */,
				02121A482428E07A00C87B4A /* Main.storyboard in Resources */,
			);
			runOnlyForDeploymentPostprocessing = 0;
		};
		02121A242428D65B00C87B4A /* Resources */ = {
			isa = PBXResourcesBuildPhase;
			buildActionMask = 2147483647;
			files = (
			);
			runOnlyForDeploymentPostprocessing = 0;
		};
		02121A2F2428D65B00C87B4A /* Resources */ = {
			isa = PBXResourcesBuildPhase;
			buildActionMask = 2147483647;
			files = (
			);
			runOnlyForDeploymentPostprocessing = 0;
		};
/* End PBXResourcesBuildPhase section */

/* Begin PBXShellScriptBuildPhase section */
		78E86128B0C7F4CBB994C2EB /* [CP] Check Pods Manifest.lock */ = {
			isa = PBXShellScriptBuildPhase;
			buildActionMask = 2147483647;
			files = (
			);
			inputFileListPaths = (
			);
			inputPaths = (
				"${PODS_PODFILE_DIR_PATH}/Podfile.lock",
				"${PODS_ROOT}/Manifest.lock",
			);
			name = "[CP] Check Pods Manifest.lock";
			outputFileListPaths = (
			);
			outputPaths = (
				"$(DERIVED_FILE_DIR)/Pods-ToDo_CRUD_POCTests-checkManifestLockResult.txt",
			);
			runOnlyForDeploymentPostprocessing = 0;
			shellPath = /bin/sh;
			shellScript = "diff \"${PODS_PODFILE_DIR_PATH}/Podfile.lock\" \"${PODS_ROOT}/Manifest.lock\" > /dev/null\nif [ $? != 0 ] ; then\n    # print error to STDERR\n    echo \"error: The sandbox is not in sync with the Podfile.lock. Run 'pod install' or update your CocoaPods installation.\" >&2\n    exit 1\nfi\n# This output is used by Xcode 'outputs' to avoid re-running this script phase.\necho \"SUCCESS\" > \"${SCRIPT_OUTPUT_FILE_0}\"\n";
			showEnvVarsInLog = 0;
		};
		BFD2C7BC940A1E08811D9BEC /* [CP] Check Pods Manifest.lock */ = {
			isa = PBXShellScriptBuildPhase;
			buildActionMask = 2147483647;
			files = (
			);
			inputFileListPaths = (
			);
			inputPaths = (
				"${PODS_PODFILE_DIR_PATH}/Podfile.lock",
				"${PODS_ROOT}/Manifest.lock",
			);
			name = "[CP] Check Pods Manifest.lock";
			outputFileListPaths = (
			);
			outputPaths = (
				"$(DERIVED_FILE_DIR)/Pods-ToDo_CRUD_POC-ToDo_CRUD_POCUITests-checkManifestLockResult.txt",
			);
			runOnlyForDeploymentPostprocessing = 0;
			shellPath = /bin/sh;
			shellScript = "diff \"${PODS_PODFILE_DIR_PATH}/Podfile.lock\" \"${PODS_ROOT}/Manifest.lock\" > /dev/null\nif [ $? != 0 ] ; then\n    # print error to STDERR\n    echo \"error: The sandbox is not in sync with the Podfile.lock. Run 'pod install' or update your CocoaPods installation.\" >&2\n    exit 1\nfi\n# This output is used by Xcode 'outputs' to avoid re-running this script phase.\necho \"SUCCESS\" > \"${SCRIPT_OUTPUT_FILE_0}\"\n";
			showEnvVarsInLog = 0;
		};
		FDD7C7856D1BACD48F084BAD /* [CP] Check Pods Manifest.lock */ = {
			isa = PBXShellScriptBuildPhase;
			buildActionMask = 2147483647;
			files = (
			);
			inputFileListPaths = (
			);
			inputPaths = (
				"${PODS_PODFILE_DIR_PATH}/Podfile.lock",
				"${PODS_ROOT}/Manifest.lock",
			);
			name = "[CP] Check Pods Manifest.lock";
			outputFileListPaths = (
			);
			outputPaths = (
				"$(DERIVED_FILE_DIR)/Pods-ToDo_CRUD_POC-checkManifestLockResult.txt",
			);
			runOnlyForDeploymentPostprocessing = 0;
			shellPath = /bin/sh;
			shellScript = "diff \"${PODS_PODFILE_DIR_PATH}/Podfile.lock\" \"${PODS_ROOT}/Manifest.lock\" > /dev/null\nif [ $? != 0 ] ; then\n    # print error to STDERR\n    echo \"error: The sandbox is not in sync with the Podfile.lock. Run 'pod install' or update your CocoaPods installation.\" >&2\n    exit 1\nfi\n# This output is used by Xcode 'outputs' to avoid re-running this script phase.\necho \"SUCCESS\" > \"${SCRIPT_OUTPUT_FILE_0}\"\n";
			showEnvVarsInLog = 0;
		};
/* End PBXShellScriptBuildPhase section */

/* Begin PBXSourcesBuildPhase section */
		02121A0C2428D65200C87B4A /* Sources */ = {
			isa = PBXSourcesBuildPhase;
			buildActionMask = 2147483647;
			files = (
				021D23B924291675003CB15A /* Task.swift in Sources */,
				021D23BB24291681003CB15A /* ToDoController.swift in Sources */,
				021D23BE24291694003CB15A /* ToDoStore.swift in Sources */,
				021D23BF24291694003CB15A /* ToDoUtility.swift in Sources */,
				021D23C124292094003CB15A /* AppConstants.swift in Sources */,
				02121A142428D65200C87B4A /* AppDelegate.swift in Sources */,
				02121A162428D65200C87B4A /* SceneDelegate.swift in Sources */,
			);
			runOnlyForDeploymentPostprocessing = 0;
		};
		02121A222428D65B00C87B4A /* Sources */ = {
			isa = PBXSourcesBuildPhase;
			buildActionMask = 2147483647;
			files = (
				02121A2B2428D65B00C87B4A /* ToDo_CRUD_POCTests.swift in Sources */,
			);
			runOnlyForDeploymentPostprocessing = 0;
		};
		02121A2D2428D65B00C87B4A /* Sources */ = {
			isa = PBXSourcesBuildPhase;
			buildActionMask = 2147483647;
			files = (
				02121A362428D65B00C87B4A /* ToDo_CRUD_POCUITests.swift in Sources */,
			);
			runOnlyForDeploymentPostprocessing = 0;
		};
/* End PBXSourcesBuildPhase section */

/* Begin PBXTargetDependency section */
		02121A282428D65B00C87B4A /* PBXTargetDependency */ = {
			isa = PBXTargetDependency;
			target = 02121A0F2428D65200C87B4A /* ToDo_CRUD_POC */;
			targetProxy = 02121A272428D65B00C87B4A /* PBXContainerItemProxy */;
		};
		02121A332428D65B00C87B4A /* PBXTargetDependency */ = {
			isa = PBXTargetDependency;
			target = 02121A0F2428D65200C87B4A /* ToDo_CRUD_POC */;
			targetProxy = 02121A322428D65B00C87B4A /* PBXContainerItemProxy */;
		};
/* End PBXTargetDependency section */

/* Begin PBXVariantGroup section */
		02121A1E2428D65A00C87B4A /* LaunchScreen.storyboard */ = {
			isa = PBXVariantGroup;
			children = (
				02121A1F2428D65A00C87B4A /* Base */,
			);
			name = LaunchScreen.storyboard;
			sourceTree = "<group>";
		};
/* End PBXVariantGroup section */

/* Begin XCBuildConfiguration section */
		02121A382428D65B00C87B4A /* Debug */ = {
			isa = XCBuildConfiguration;
			buildSettings = {
				ALWAYS_SEARCH_USER_PATHS = NO;
				CLANG_ANALYZER_NONNULL = YES;
				CLANG_ANALYZER_NUMBER_OBJECT_CONVERSION = YES_AGGRESSIVE;
				CLANG_CXX_LANGUAGE_STANDARD = "gnu++14";
				CLANG_CXX_LIBRARY = "libc++";
				CLANG_ENABLE_MODULES = YES;
				CLANG_ENABLE_OBJC_ARC = YES;
				CLANG_ENABLE_OBJC_WEAK = YES;
				CLANG_WARN_BLOCK_CAPTURE_AUTORELEASING = YES;
				CLANG_WARN_BOOL_CONVERSION = YES;
				CLANG_WARN_COMMA = YES;
				CLANG_WARN_CONSTANT_CONVERSION = YES;
				CLANG_WARN_DEPRECATED_OBJC_IMPLEMENTATIONS = YES;
				CLANG_WARN_DIRECT_OBJC_ISA_USAGE = YES_ERROR;
				CLANG_WARN_DOCUMENTATION_COMMENTS = YES;
				CLANG_WARN_EMPTY_BODY = YES;
				CLANG_WARN_ENUM_CONVERSION = YES;
				CLANG_WARN_INFINITE_RECURSION = YES;
				CLANG_WARN_INT_CONVERSION = YES;
				CLANG_WARN_NON_LITERAL_NULL_CONVERSION = YES;
				CLANG_WARN_OBJC_IMPLICIT_RETAIN_SELF = YES;
				CLANG_WARN_OBJC_LITERAL_CONVERSION = YES;
				CLANG_WARN_OBJC_ROOT_CLASS = YES_ERROR;
				CLANG_WARN_RANGE_LOOP_ANALYSIS = YES;
				CLANG_WARN_STRICT_PROTOTYPES = YES;
				CLANG_WARN_SUSPICIOUS_MOVE = YES;
				CLANG_WARN_UNGUARDED_AVAILABILITY = YES_AGGRESSIVE;
				CLANG_WARN_UNREACHABLE_CODE = YES;
				CLANG_WARN__DUPLICATE_METHOD_MATCH = YES;
				COPY_PHASE_STRIP = NO;
				DEBUG_INFORMATION_FORMAT = dwarf;
				ENABLE_STRICT_OBJC_MSGSEND = YES;
				ENABLE_TESTABILITY = YES;
				GCC_C_LANGUAGE_STANDARD = gnu11;
				GCC_DYNAMIC_NO_PIC = NO;
				GCC_NO_COMMON_BLOCKS = YES;
				GCC_OPTIMIZATION_LEVEL = 0;
				GCC_PREPROCESSOR_DEFINITIONS = (
					"DEBUG=1",
					"$(inherited)",
				);
				GCC_WARN_64_TO_32_BIT_CONVERSION = YES;
				GCC_WARN_ABOUT_RETURN_TYPE = YES_ERROR;
				GCC_WARN_UNDECLARED_SELECTOR = YES;
				GCC_WARN_UNINITIALIZED_AUTOS = YES_AGGRESSIVE;
				GCC_WARN_UNUSED_FUNCTION = YES;
				GCC_WARN_UNUSED_VARIABLE = YES;
				IPHONEOS_DEPLOYMENT_TARGET = 13.2;
				MTL_ENABLE_DEBUG_INFO = INCLUDE_SOURCE;
				MTL_FAST_MATH = YES;
				ONLY_ACTIVE_ARCH = YES;
				SDKROOT = iphoneos;
				SWIFT_ACTIVE_COMPILATION_CONDITIONS = DEBUG;
				SWIFT_OPTIMIZATION_LEVEL = "-Onone";
			};
			name = Debug;
		};
		02121A392428D65B00C87B4A /* Release */ = {
			isa = XCBuildConfiguration;
			buildSettings = {
				ALWAYS_SEARCH_USER_PATHS = NO;
				CLANG_ANALYZER_NONNULL = YES;
				CLANG_ANALYZER_NUMBER_OBJECT_CONVERSION = YES_AGGRESSIVE;
				CLANG_CXX_LANGUAGE_STANDARD = "gnu++14";
				CLANG_CXX_LIBRARY = "libc++";
				CLANG_ENABLE_MODULES = YES;
				CLANG_ENABLE_OBJC_ARC = YES;
				CLANG_ENABLE_OBJC_WEAK = YES;
				CLANG_WARN_BLOCK_CAPTURE_AUTORELEASING = YES;
				CLANG_WARN_BOOL_CONVERSION = YES;
				CLANG_WARN_COMMA = YES;
				CLANG_WARN_CONSTANT_CONVERSION = YES;
				CLANG_WARN_DEPRECATED_OBJC_IMPLEMENTATIONS = YES;
				CLANG_WARN_DIRECT_OBJC_ISA_USAGE = YES_ERROR;
				CLANG_WARN_DOCUMENTATION_COMMENTS = YES;
				CLANG_WARN_EMPTY_BODY = YES;
				CLANG_WARN_ENUM_CONVERSION = YES;
				CLANG_WARN_INFINITE_RECURSION = YES;
				CLANG_WARN_INT_CONVERSION = YES;
				CLANG_WARN_NON_LITERAL_NULL_CONVERSION = YES;
				CLANG_WARN_OBJC_IMPLICIT_RETAIN_SELF = YES;
				CLANG_WARN_OBJC_LITERAL_CONVERSION = YES;
				CLANG_WARN_OBJC_ROOT_CLASS = YES_ERROR;
				CLANG_WARN_RANGE_LOOP_ANALYSIS = YES;
				CLANG_WARN_STRICT_PROTOTYPES = YES;
				CLANG_WARN_SUSPICIOUS_MOVE = YES;
				CLANG_WARN_UNGUARDED_AVAILABILITY = YES_AGGRESSIVE;
				CLANG_WARN_UNREACHABLE_CODE = YES;
				CLANG_WARN__DUPLICATE_METHOD_MATCH = YES;
				COPY_PHASE_STRIP = NO;
				DEBUG_INFORMATION_FORMAT = "dwarf-with-dsym";
				ENABLE_NS_ASSERTIONS = NO;
				ENABLE_STRICT_OBJC_MSGSEND = YES;
				GCC_C_LANGUAGE_STANDARD = gnu11;
				GCC_NO_COMMON_BLOCKS = YES;
				GCC_WARN_64_TO_32_BIT_CONVERSION = YES;
				GCC_WARN_ABOUT_RETURN_TYPE = YES_ERROR;
				GCC_WARN_UNDECLARED_SELECTOR = YES;
				GCC_WARN_UNINITIALIZED_AUTOS = YES_AGGRESSIVE;
				GCC_WARN_UNUSED_FUNCTION = YES;
				GCC_WARN_UNUSED_VARIABLE = YES;
				IPHONEOS_DEPLOYMENT_TARGET = 13.2;
				MTL_ENABLE_DEBUG_INFO = NO;
				MTL_FAST_MATH = YES;
				SDKROOT = iphoneos;
				SWIFT_COMPILATION_MODE = wholemodule;
				SWIFT_OPTIMIZATION_LEVEL = "-O";
				VALIDATE_PRODUCT = YES;
			};
			name = Release;
		};
		02121A3B2428D65B00C87B4A /* Debug */ = {
			isa = XCBuildConfiguration;
			baseConfigurationReference = F74F7B0E328FAE39B04B1A29 /* Pods-ToDo_CRUD_POC.debug.xcconfig */;
			buildSettings = {
				ASSETCATALOG_COMPILER_APPICON_NAME = AppIcon;
				CODE_SIGN_STYLE = Automatic;
				DEVELOPMENT_TEAM = 69VU96BCPE;
				INFOPLIST_FILE = ToDo_CRUD_POC/Info.plist;
				LD_RUNPATH_SEARCH_PATHS = (
					"$(inherited)",
					"@executable_path/Frameworks",
				);
				PRODUCT_BUNDLE_IDENTIFIER = "Sandesh.ToDo-CRUD-POC";
				PRODUCT_NAME = "$(TARGET_NAME)";
				SWIFT_VERSION = 5.0;
				TARGETED_DEVICE_FAMILY = "1,2";
			};
			name = Debug;
		};
		02121A3C2428D65B00C87B4A /* Release */ = {
			isa = XCBuildConfiguration;
			baseConfigurationReference = B12FDC5D84664ADDF41A05CF /* Pods-ToDo_CRUD_POC.release.xcconfig */;
			buildSettings = {
				ASSETCATALOG_COMPILER_APPICON_NAME = AppIcon;
				CODE_SIGN_STYLE = Automatic;
				DEVELOPMENT_TEAM = 69VU96BCPE;
				INFOPLIST_FILE = ToDo_CRUD_POC/Info.plist;
				LD_RUNPATH_SEARCH_PATHS = (
					"$(inherited)",
					"@executable_path/Frameworks",
				);
				PRODUCT_BUNDLE_IDENTIFIER = "Sandesh.ToDo-CRUD-POC";
				PRODUCT_NAME = "$(TARGET_NAME)";
				SWIFT_VERSION = 5.0;
				TARGETED_DEVICE_FAMILY = "1,2";
			};
			name = Release;
		};
		02121A3E2428D65B00C87B4A /* Debug */ = {
			isa = XCBuildConfiguration;
			baseConfigurationReference = 6A0EE9993DB1FF1F3812C458 /* Pods-ToDo_CRUD_POCTests.debug.xcconfig */;
			buildSettings = {
				ALWAYS_EMBED_SWIFT_STANDARD_LIBRARIES = YES;
				BUNDLE_LOADER = "$(TEST_HOST)";
				CODE_SIGN_STYLE = Automatic;
				DEVELOPMENT_TEAM = 69VU96BCPE;
				INFOPLIST_FILE = ToDo_CRUD_POCTests/Info.plist;
				IPHONEOS_DEPLOYMENT_TARGET = 13.2;
				LD_RUNPATH_SEARCH_PATHS = (
					"$(inherited)",
					"@executable_path/Frameworks",
					"@loader_path/Frameworks",
				);
				PRODUCT_BUNDLE_IDENTIFIER = "Sandesh.ToDo-CRUD-POCTests";
				PRODUCT_NAME = "$(TARGET_NAME)";
				SWIFT_VERSION = 5.0;
				TARGETED_DEVICE_FAMILY = "1,2";
				TEST_HOST = "$(BUILT_PRODUCTS_DIR)/ToDo_CRUD_POC.app/ToDo_CRUD_POC";
			};
			name = Debug;
		};
		02121A3F2428D65B00C87B4A /* Release */ = {
			isa = XCBuildConfiguration;
			baseConfigurationReference = 86256D5001488D6D16778691 /* Pods-ToDo_CRUD_POCTests.release.xcconfig */;
			buildSettings = {
				ALWAYS_EMBED_SWIFT_STANDARD_LIBRARIES = YES;
				BUNDLE_LOADER = "$(TEST_HOST)";
				CODE_SIGN_STYLE = Automatic;
				DEVELOPMENT_TEAM = 69VU96BCPE;
				INFOPLIST_FILE = ToDo_CRUD_POCTests/Info.plist;
				IPHONEOS_DEPLOYMENT_TARGET = 13.2;
				LD_RUNPATH_SEARCH_PATHS = (
					"$(inherited)",
					"@executable_path/Frameworks",
					"@loader_path/Frameworks",
				);
				PRODUCT_BUNDLE_IDENTIFIER = "Sandesh.ToDo-CRUD-POCTests";
				PRODUCT_NAME = "$(TARGET_NAME)";
				SWIFT_VERSION = 5.0;
				TARGETED_DEVICE_FAMILY = "1,2";
				TEST_HOST = "$(BUILT_PRODUCTS_DIR)/ToDo_CRUD_POC.app/ToDo_CRUD_POC";
			};
			name = Release;
		};
		02121A412428D65B00C87B4A /* Debug */ = {
			isa = XCBuildConfiguration;
			baseConfigurationReference = AF00100903A10BEBE2A6EC41 /* Pods-ToDo_CRUD_POC-ToDo_CRUD_POCUITests.debug.xcconfig */;
			buildSettings = {
				ALWAYS_EMBED_SWIFT_STANDARD_LIBRARIES = YES;
				CODE_SIGN_STYLE = Automatic;
				DEVELOPMENT_TEAM = 69VU96BCPE;
				INFOPLIST_FILE = ToDo_CRUD_POCUITests/Info.plist;
				LD_RUNPATH_SEARCH_PATHS = (
					"$(inherited)",
					"@executable_path/Frameworks",
					"@loader_path/Frameworks",
				);
				PRODUCT_BUNDLE_IDENTIFIER = "Sandesh.ToDo-CRUD-POCUITests";
				PRODUCT_NAME = "$(TARGET_NAME)";
				SWIFT_VERSION = 5.0;
				TARGETED_DEVICE_FAMILY = "1,2";
				TEST_TARGET_NAME = ToDo_CRUD_POC;
			};
			name = Debug;
		};
		02121A422428D65B00C87B4A /* Release */ = {
			isa = XCBuildConfiguration;
			baseConfigurationReference = 89A977B4967CD52D3CB7C9DC /* Pods-ToDo_CRUD_POC-ToDo_CRUD_POCUITests.release.xcconfig */;
			buildSettings = {
				ALWAYS_EMBED_SWIFT_STANDARD_LIBRARIES = YES;
				CODE_SIGN_STYLE = Automatic;
				DEVELOPMENT_TEAM = 69VU96BCPE;
				INFOPLIST_FILE = ToDo_CRUD_POCUITests/Info.plist;
				LD_RUNPATH_SEARCH_PATHS = (
					"$(inherited)",
					"@executable_path/Frameworks",
					"@loader_path/Frameworks",
				);
				PRODUCT_BUNDLE_IDENTIFIER = "Sandesh.ToDo-CRUD-POCUITests";
				PRODUCT_NAME = "$(TARGET_NAME)";
				SWIFT_VERSION = 5.0;
				TARGETED_DEVICE_FAMILY = "1,2";
				TEST_TARGET_NAME = ToDo_CRUD_POC;
			};
			name = Release;
		};
/* End XCBuildConfiguration section */

/* Begin XCConfigurationList section */
		02121A0B2428D65200C87B4A /* Build configuration list for PBXProject "ToDo_CRUD_POC" */ = {
			isa = XCConfigurationList;
			buildConfigurations = (
				02121A382428D65B00C87B4A /* Debug */,
				02121A392428D65B00C87B4A /* Release */,
			);
			defaultConfigurationIsVisible = 0;
			defaultConfigurationName = Release;
		};
		02121A3A2428D65B00C87B4A /* Build configuration list for PBXNativeTarget "ToDo_CRUD_POC" */ = {
			isa = XCConfigurationList;
			buildConfigurations = (
				02121A3B2428D65B00C87B4A /* Debug */,
				02121A3C2428D65B00C87B4A /* Release */,
			);
			defaultConfigurationIsVisible = 0;
			defaultConfigurationName = Release;
		};
		02121A3D2428D65B00C87B4A /* Build configuration list for PBXNativeTarget "ToDo_CRUD_POCTests" */ = {
			isa = XCConfigurationList;
			buildConfigurations = (
				02121A3E2428D65B00C87B4A /* Debug */,
				02121A3F2428D65B00C87B4A /* Release */,
			);
			defaultConfigurationIsVisible = 0;
			defaultConfigurationName = Release;
		};
		02121A402428D65B00C87B4A /* Build configuration list for PBXNativeTarget "ToDo_CRUD_POCUITests" */ = {
			isa = XCConfigurationList;
			buildConfigurations = (
				02121A412428D65B00C87B4A /* Debug */,
				02121A422428D65B00C87B4A /* Release */,
			);
			defaultConfigurationIsVisible = 0;
			defaultConfigurationName = Release;
		};
/* End XCConfigurationList section */
	};
	rootObject = 02121A082428D65200C87B4A /* Project object */;
}
